
Microsoft Visual Studio Solution File, Format Version 12.00
# Visual Studio 15
VisualStudioVersion = 15.0.28307.271
MinimumVisualStudioVersion = 10.0.40219.1
Project("{FAE04EC0-301F-11D3-BF4B-00C04F79EFBC}") = "CTCI-Questions", "CTCI-Questions\CTCI-Questions.csproj", "{8A0F60AC-C5C5-4544-8413-245096C4C38D}"
EndProject
Global
	GlobalSection(SolutionConfigurationPlatforms) = preSolution
		Debug|Any CPU = Debug|Any CPU
		Release|Any CPU = Release|Any CPU
	EndGlobalSection
	GlobalSection(ProjectConfigurationPlatforms) = postSolution
		{8A0F60AC-C5C5-4544-8413-245096C4C38D}.Debug|Any CPU.ActiveCfg = Debug|Any CPU
		{8A0F60AC-C5C5-4544-8413-245096C4C38D}.Debug|Any CPU.Build.0 = Debug|Any CPU
		{8A0F60AC-C5C5-4544-8413-245096C4C38D}.Release|Any CPU.ActiveCfg = Release|Any CPU
		{8A0F60AC-C5C5-4544-8413-245096C4C38D}.Release|Any CPU.Build.0 = Release|Any CPU
	EndGlobalSection
	GlobalSection(SolutionProperties) = preSolution
		HideSolutionNode = FALSE
	EndGlobalSection
	GlobalSection(ExtensibilityGlobals) = postSolution
		SolutionGuid = {5B438267-8569-4B3E-902C-B72142CA59F5}
	EndGlobalSection
EndGlobal
